
Microsoft Visual Studio Solution File, Format Version 12.00
# Visual Studio Version 16
VisualStudioVersion = 16.0.30804.86
MinimumVisualStudioVersion = 10.0.40219.1
Project("{9A19103F-16F7-4668-BE54-9A1E7A4F7556}") = "gpconnect-analytics.Functions", "gpconnect-analytics.Functions\gpconnect-analytics.Functions.csproj", "{7EBDF22C-0A85-4151-A8D7-8D81E456276E}"
EndProject
Project("{9A19103F-16F7-4668-BE54-9A1E7A4F7556}") = "gpconnect-analytics.DAL", "gpconnect-analytics.DAL\gpconnect-analytics.DAL.csproj", "{3B1FB921-0C56-47D6-A716-A4DE679F6EBF}"
EndProject
Project("{9A19103F-16F7-4668-BE54-9A1E7A4F7556}") = "gpconnect-analytics.DTO", "gpconnect-analytics.DTO\gpconnect-analytics.DTO.csproj", "{18DE5071-433E-49D2-B168-136730EDB158}"
EndProject
Project("{9A19103F-16F7-4668-BE54-9A1E7A4F7556}") = "gpconnect-analytics.Helpers", "gpconnect-analytics.Helpers\gpconnect-analytics.Helpers.csproj", "{D8523638-EE9F-4551-8F22-7FD91BD327FC}"
EndProject
Global
	GlobalSection(SolutionConfigurationPlatforms) = preSolution
		Debug|Any CPU = Debug|Any CPU
		Release|Any CPU = Release|Any CPU
	EndGlobalSection
	GlobalSection(ProjectConfigurationPlatforms) = postSolution
		{7EBDF22C-0A85-4151-A8D7-8D81E456276E}.Debug|Any CPU.ActiveCfg = Debug|Any CPU
		{7EBDF22C-0A85-4151-A8D7-8D81E456276E}.Debug|Any CPU.Build.0 = Debug|Any CPU
		{7EBDF22C-0A85-4151-A8D7-8D81E456276E}.Release|Any CPU.ActiveCfg = Release|Any CPU
		{7EBDF22C-0A85-4151-A8D7-8D81E456276E}.Release|Any CPU.Build.0 = Release|Any CPU
		{3B1FB921-0C56-47D6-A716-A4DE679F6EBF}.Debug|Any CPU.ActiveCfg = Debug|Any CPU
		{3B1FB921-0C56-47D6-A716-A4DE679F6EBF}.Debug|Any CPU.Build.0 = Debug|Any CPU
		{3B1FB921-0C56-47D6-A716-A4DE679F6EBF}.Release|Any CPU.ActiveCfg = Release|Any CPU
		{3B1FB921-0C56-47D6-A716-A4DE679F6EBF}.Release|Any CPU.Build.0 = Release|Any CPU
		{18DE5071-433E-49D2-B168-136730EDB158}.Debug|Any CPU.ActiveCfg = Debug|Any CPU
		{18DE5071-433E-49D2-B168-136730EDB158}.Debug|Any CPU.Build.0 = Debug|Any CPU
		{18DE5071-433E-49D2-B168-136730EDB158}.Release|Any CPU.ActiveCfg = Release|Any CPU
		{18DE5071-433E-49D2-B168-136730EDB158}.Release|Any CPU.Build.0 = Release|Any CPU
		{D8523638-EE9F-4551-8F22-7FD91BD327FC}.Debug|Any CPU.ActiveCfg = Debug|Any CPU
		{D8523638-EE9F-4551-8F22-7FD91BD327FC}.Debug|Any CPU.Build.0 = Debug|Any CPU
		{D8523638-EE9F-4551-8F22-7FD91BD327FC}.Release|Any CPU.ActiveCfg = Release|Any CPU
		{D8523638-EE9F-4551-8F22-7FD91BD327FC}.Release|Any CPU.Build.0 = Release|Any CPU
	EndGlobalSection
	GlobalSection(SolutionProperties) = preSolution
		HideSolutionNode = FALSE
	EndGlobalSection
	GlobalSection(ExtensibilityGlobals) = postSolution
		SolutionGuid = {EAFD678E-E45E-41E5-B76A-669DFF0FAC5F}
	EndGlobalSection
EndGlobal
